// !$*UTF8*$!
{
	archiveVersion = 1;
	classes = {
	};
	objectVersion = 56;
	objects = {

/* Begin PBXBuildFile section */
		A9C7534A2BF776BE00276CAA /* AuthRepository.swift in Sources */ = {isa = PBXBuildFile; fileRef = A9C753492BF776BE00276CAA /* AuthRepository.swift */; };
		A9C7534C2BF7777B00276CAA /* AuthService.swift in Sources */ = {isa = PBXBuildFile; fileRef = A9C7534B2BF7777B00276CAA /* AuthService.swift */; };
		A9C7534F2BF777FB00276CAA /* HandleResponse.swift in Sources */ = {isa = PBXBuildFile; fileRef = A9C7534E2BF777FB00276CAA /* HandleResponse.swift */; };
		A9C753632BF7865400276CAA /* MainInfoResponse.swift in Sources */ = {isa = PBXBuildFile; fileRef = A9C753622BF7865400276CAA /* MainInfoResponse.swift */; };
		A9EFE6842BF210D500AA90F8 /* DataStore.docc in Sources */ = {isa = PBXBuildFile; fileRef = A9EFE6832BF210D500AA90F8 /* DataStore.docc */; };
		A9EFE6852BF210D500AA90F8 /* DataStore.h in Headers */ = {isa = PBXBuildFile; fileRef = A9EFE6822BF210D500AA90F8 /* DataStore.h */; settings = {ATTRIBUTES = (Public, ); }; };
		A9F7122B2BF2274A00E27E2E /* Entity.swift in Sources */ = {isa = PBXBuildFile; fileRef = A9F7122A2BF2274A00E27E2E /* Entity.swift */; };
		A9F7122E2BF2728900E27E2E /* Moya in Frameworks */ = {isa = PBXBuildFile; productRef = A9F7122D2BF2728900E27E2E /* Moya */; };
/* End PBXBuildFile section */

/* Begin PBXFileReference section */
		A9C753492BF776BE00276CAA /* AuthRepository.swift */ = {isa = PBXFileReference; lastKnownFileType = sourcecode.swift; path = AuthRepository.swift; sourceTree = "<group>"; };
		A9C7534B2BF7777B00276CAA /* AuthService.swift */ = {isa = PBXFileReference; lastKnownFileType = sourcecode.swift; path = AuthService.swift; sourceTree = "<group>"; };
		A9C7534E2BF777FB00276CAA /* HandleResponse.swift */ = {isa = PBXFileReference; lastKnownFileType = sourcecode.swift; path = HandleResponse.swift; sourceTree = "<group>"; };
		A9C753622BF7865400276CAA /* MainInfoResponse.swift */ = {isa = PBXFileReference; lastKnownFileType = sourcecode.swift; path = MainInfoResponse.swift; sourceTree = "<group>"; };
		A9EFE67F2BF210D500AA90F8 /* DataStore.framework */ = {isa = PBXFileReference; explicitFileType = wrapper.framework; includeInIndex = 0; path = DataStore.framework; sourceTree = BUILT_PRODUCTS_DIR; };
		A9EFE6822BF210D500AA90F8 /* DataStore.h */ = {isa = PBXFileReference; lastKnownFileType = sourcecode.c.h; path = DataStore.h; sourceTree = "<group>"; };
		A9EFE6832BF210D500AA90F8 /* DataStore.docc */ = {isa = PBXFileReference; lastKnownFileType = folder.documentationcatalog; path = DataStore.docc; sourceTree = "<group>"; };
		A9F7122A2BF2274A00E27E2E /* Entity.swift */ = {isa = PBXFileReference; lastKnownFileType = sourcecode.swift; path = Entity.swift; sourceTree = "<group>"; };
/* End PBXFileReference section */

/* Begin PBXFrameworksBuildPhase section */
		A9EFE67C2BF210D500AA90F8 /* Frameworks */ = {
			isa = PBXFrameworksBuildPhase;
			buildActionMask = 2147483647;
			files = (
				A9F7122E2BF2728900E27E2E /* Moya in Frameworks */,
			);
			runOnlyForDeploymentPostprocessing = 0;
		};
/* End PBXFrameworksBuildPhase section */

/* Begin PBXGroup section */
		A9C753472BF7766200276CAA /* Repository */ = {
			isa = PBXGroup;
			children = (
				A9C753482BF776A200276CAA /* Auth */,
			);
			path = Repository;
			sourceTree = "<group>";
		};
		A9C753482BF776A200276CAA /* Auth */ = {
			isa = PBXGroup;
			children = (
				A9C753492BF776BE00276CAA /* AuthRepository.swift */,
				A9C7534B2BF7777B00276CAA /* AuthService.swift */,
			);
			path = Auth;
			sourceTree = "<group>";
		};
		A9C7534D2BF777F100276CAA /* Base */ = {
			isa = PBXGroup;
			children = (
				A9C7534E2BF777FB00276CAA /* HandleResponse.swift */,
			);
			path = Base;
			sourceTree = "<group>";
		};
		A9EFE6752BF210D500AA90F8 = {
			isa = PBXGroup;
			children = (
				A9EFE6812BF210D500AA90F8 /* DataStore */,
				A9EFE6802BF210D500AA90F8 /* Products */,
			);
			sourceTree = "<group>";
		};
		A9EFE6802BF210D500AA90F8 /* Products */ = {
			isa = PBXGroup;
			children = (
				A9EFE67F2BF210D500AA90F8 /* DataStore.framework */,
			);
			name = Products;
			sourceTree = "<group>";
		};
		A9EFE6812BF210D500AA90F8 /* DataStore */ = {
			isa = PBXGroup;
			children = (
				A9C7534D2BF777F100276CAA /* Base */,
				A9C753472BF7766200276CAA /* Repository */,
				A9F712292BF2273C00E27E2E /* Entity */,
				A9EFE6822BF210D500AA90F8 /* DataStore.h */,
				A9EFE6832BF210D500AA90F8 /* DataStore.docc */,
			);
			path = DataStore;
			sourceTree = "<group>";
		};
		A9F712292BF2273C00E27E2E /* Entity */ = {
			isa = PBXGroup;
			children = (
				A9F7122A2BF2274A00E27E2E /* Entity.swift */,
				A9C753622BF7865400276CAA /* MainInfoResponse.swift */,
			);
			path = Entity;
			sourceTree = "<group>";
		};
/* End PBXGroup section */

/* Begin PBXHeadersBuildPhase section */
		A9EFE67A2BF210D500AA90F8 /* Headers */ = {
			isa = PBXHeadersBuildPhase;
			buildActionMask = 2147483647;
			files = (
				A9EFE6852BF210D500AA90F8 /* DataStore.h in Headers */,
			);
			runOnlyForDeploymentPostprocessing = 0;
		};
/* End PBXHeadersBuildPhase section */

/* Begin PBXNativeTarget section */
		A9EFE67E2BF210D500AA90F8 /* DataStore */ = {
			isa = PBXNativeTarget;
			buildConfigurationList = A9EFE6882BF210D500AA90F8 /* Build configuration list for PBXNativeTarget "DataStore" */;
			buildPhases = (
				A9EFE67A2BF210D500AA90F8 /* Headers */,
				A9EFE67B2BF210D500AA90F8 /* Sources */,
				A9EFE67C2BF210D500AA90F8 /* Frameworks */,
				A9EFE67D2BF210D500AA90F8 /* Resources */,
			);
			buildRules = (
			);
			dependencies = (
			);
			name = DataStore;
			packageProductDependencies = (
				A9F7122D2BF2728900E27E2E /* Moya */,
			);
			productName = DataStore;
			productReference = A9EFE67F2BF210D500AA90F8 /* DataStore.framework */;
			productType = "com.apple.product-type.framework";
		};
/* End PBXNativeTarget section */

/* Begin PBXProject section */
		A9EFE6762BF210D500AA90F8 /* Project object */ = {
			isa = PBXProject;
			attributes = {
				BuildIndependentTargetsInParallel = 1;
				LastUpgradeCheck = 1530;
				TargetAttributes = {
					A9EFE67E2BF210D500AA90F8 = {
						CreatedOnToolsVersion = 15.3;
					};
				};
			};
			buildConfigurationList = A9EFE6792BF210D500AA90F8 /* Build configuration list for PBXProject "DataStore" */;
			compatibilityVersion = "Xcode 14.0";
			developmentRegion = en;
			hasScannedForEncodings = 0;
			knownRegions = (
				en,
				Base,
			);
			mainGroup = A9EFE6752BF210D500AA90F8;
			packageReferences = (
				A9F7122C2BF2728900E27E2E /* XCRemoteSwiftPackageReference "Moya" */,
			);
			productRefGroup = A9EFE6802BF210D500AA90F8 /* Products */;
			projectDirPath = "";
			projectRoot = "";
			targets = (
				A9EFE67E2BF210D500AA90F8 /* DataStore */,
			);
		};
/* End PBXProject section */

/* Begin PBXResourcesBuildPhase section */
		A9EFE67D2BF210D500AA90F8 /* Resources */ = {
			isa = PBXResourcesBuildPhase;
			buildActionMask = 2147483647;
			files = (
			);
			runOnlyForDeploymentPostprocessing = 0;
		};
/* End PBXResourcesBuildPhase section */

/* Begin PBXSourcesBuildPhase section */
		A9EFE67B2BF210D500AA90F8 /* Sources */ = {
			isa = PBXSourcesBuildPhase;
			buildActionMask = 2147483647;
			files = (
				A9C7534F2BF777FB00276CAA /* HandleResponse.swift in Sources */,
				A9C753632BF7865400276CAA /* MainInfoResponse.swift in Sources */,
				A9F7122B2BF2274A00E27E2E /* Entity.swift in Sources */,
				A9EFE6842BF210D500AA90F8 /* DataStore.docc in Sources */,
				A9C7534A2BF776BE00276CAA /* AuthRepository.swift in Sources */,
				A9C7534C2BF7777B00276CAA /* AuthService.swift in Sources */,
			);
			runOnlyForDeploymentPostprocessing = 0;
		};
/* End PBXSourcesBuildPhase section */

/* Begin XCBuildConfiguration section */
		A9EFE6862BF210D500AA90F8 /* Debug */ = {
			isa = XCBuildConfiguration;
			buildSettings = {
				ALWAYS_SEARCH_USER_PATHS = NO;
				ASSETCATALOG_COMPILER_GENERATE_SWIFT_ASSET_SYMBOL_EXTENSIONS = YES;
				BUILD_LIBRARY_FOR_DISTRIBUTION = YES;
				CLANG_ANALYZER_NONNULL = YES;
				CLANG_ANALYZER_NUMBER_OBJECT_CONVERSION = YES_AGGRESSIVE;
				CLANG_CXX_LANGUAGE_STANDARD = "gnu++20";
				CLANG_ENABLE_MODULES = YES;
				CLANG_ENABLE_OBJC_ARC = YES;
				CLANG_ENABLE_OBJC_WEAK = YES;
				CLANG_WARN_BLOCK_CAPTURE_AUTORELEASING = YES;
				CLANG_WARN_BOOL_CONVERSION = YES;
				CLANG_WARN_COMMA = YES;
				CLANG_WARN_CONSTANT_CONVERSION = YES;
				CLANG_WARN_DEPRECATED_OBJC_IMPLEMENTATIONS = YES;
				CLANG_WARN_DIRECT_OBJC_ISA_USAGE = YES_ERROR;
				CLANG_WARN_DOCUMENTATION_COMMENTS = YES;
				CLANG_WARN_EMPTY_BODY = YES;
				CLANG_WARN_ENUM_CONVERSION = YES;
				CLANG_WARN_INFINITE_RECURSION = YES;
				CLANG_WARN_INT_CONVERSION = YES;
				CLANG_WARN_NON_LITERAL_NULL_CONVERSION = YES;
				CLANG_WARN_OBJC_IMPLICIT_RETAIN_SELF = YES;
				CLANG_WARN_OBJC_LITERAL_CONVERSION = YES;
				CLANG_WARN_OBJC_ROOT_CLASS = YES_ERROR;
				CLANG_WARN_QUOTED_INCLUDE_IN_FRAMEWORK_HEADER = YES;
				CLANG_WARN_RANGE_LOOP_ANALYSIS = YES;
				CLANG_WARN_STRICT_PROTOTYPES = YES;
				CLANG_WARN_SUSPICIOUS_MOVE = YES;
				CLANG_WARN_UNGUARDED_AVAILABILITY = YES_AGGRESSIVE;
				CLANG_WARN_UNREACHABLE_CODE = YES;
				CLANG_WARN__DUPLICATE_METHOD_MATCH = YES;
				COPY_PHASE_STRIP = NO;
				CURRENT_PROJECT_VERSION = 1;
				DEBUG_INFORMATION_FORMAT = dwarf;
				ENABLE_STRICT_OBJC_MSGSEND = YES;
				ENABLE_TESTABILITY = YES;
				ENABLE_USER_SCRIPT_SANDBOXING = YES;
				GCC_C_LANGUAGE_STANDARD = gnu17;
				GCC_DYNAMIC_NO_PIC = NO;
				GCC_NO_COMMON_BLOCKS = YES;
				GCC_OPTIMIZATION_LEVEL = 0;
				GCC_PREPROCESSOR_DEFINITIONS = (
					"DEBUG=1",
					"$(inherited)",
				);
				GCC_WARN_64_TO_32_BIT_CONVERSION = YES;
				GCC_WARN_ABOUT_RETURN_TYPE = YES_ERROR;
				GCC_WARN_UNDECLARED_SELECTOR = YES;
				GCC_WARN_UNINITIALIZED_AUTOS = YES_AGGRESSIVE;
				GCC_WARN_UNUSED_FUNCTION = YES;
				GCC_WARN_UNUSED_VARIABLE = YES;
				IPHONEOS_DEPLOYMENT_TARGET = 17.4;
				LOCALIZATION_PREFERS_STRING_CATALOGS = YES;
				MTL_ENABLE_DEBUG_INFO = INCLUDE_SOURCE;
				MTL_FAST_MATH = YES;
				ONLY_ACTIVE_ARCH = YES;
				SDKROOT = iphoneos;
				SWIFT_ACTIVE_COMPILATION_CONDITIONS = "DEBUG $(inherited)";
				SWIFT_OPTIMIZATION_LEVEL = "-Onone";
				VERSIONING_SYSTEM = "apple-generic";
				VERSION_INFO_PREFIX = "";
			};
			name = Debug;
		};
		A9EFE6872BF210D500AA90F8 /* Release */ = {
			isa = XCBuildConfiguration;
			buildSettings = {
				ALWAYS_SEARCH_USER_PATHS = NO;
				ASSETCATALOG_COMPILER_GENERATE_SWIFT_ASSET_SYMBOL_EXTENSIONS = YES;
				BUILD_LIBRARY_FOR_DISTRIBUTION = YES;
				CLANG_ANALYZER_NONNULL = YES;
				CLANG_ANALYZER_NUMBER_OBJECT_CONVERSION = YES_AGGRESSIVE;
				CLANG_CXX_LANGUAGE_STANDARD = "gnu++20";
				CLANG_ENABLE_MODULES = YES;
				CLANG_ENABLE_OBJC_ARC = YES;
				CLANG_ENABLE_OBJC_WEAK = YES;
				CLANG_WARN_BLOCK_CAPTURE_AUTORELEASING = YES;
				CLANG_WARN_BOOL_CONVERSION = YES;
				CLANG_WARN_COMMA = YES;
				CLANG_WARN_CONSTANT_CONVERSION = YES;
				CLANG_WARN_DEPRECATED_OBJC_IMPLEMENTATIONS = YES;
				CLANG_WARN_DIRECT_OBJC_ISA_USAGE = YES_ERROR;
				CLANG_WARN_DOCUMENTATION_COMMENTS = YES;
				CLANG_WARN_EMPTY_BODY = YES;
				CLANG_WARN_ENUM_CONVERSION = YES;
				CLANG_WARN_INFINITE_RECURSION = YES;
				CLANG_WARN_INT_CONVERSION = YES;
				CLANG_WARN_NON_LITERAL_NULL_CONVERSION = YES;
				CLANG_WARN_OBJC_IMPLICIT_RETAIN_SELF = YES;
				CLANG_WARN_OBJC_LITERAL_CONVERSION = YES;
				CLANG_WARN_OBJC_ROOT_CLASS = YES_ERROR;
				CLANG_WARN_QUOTED_INCLUDE_IN_FRAMEWORK_HEADER = YES;
				CLANG_WARN_RANGE_LOOP_ANALYSIS = YES;
				CLANG_WARN_STRICT_PROTOTYPES = YES;
				CLANG_WARN_SUSPICIOUS_MOVE = YES;
				CLANG_WARN_UNGUARDED_AVAILABILITY = YES_AGGRESSIVE;
				CLANG_WARN_UNREACHABLE_CODE = YES;
				CLANG_WARN__DUPLICATE_METHOD_MATCH = YES;
				COPY_PHASE_STRIP = NO;
				CURRENT_PROJECT_VERSION = 1;
				DEBUG_INFORMATION_FORMAT = "dwarf-with-dsym";
				ENABLE_NS_ASSERTIONS = NO;
				ENABLE_STRICT_OBJC_MSGSEND = YES;
				ENABLE_USER_SCRIPT_SANDBOXING = YES;
				GCC_C_LANGUAGE_STANDARD = gnu17;
				GCC_NO_COMMON_BLOCKS = YES;
				GCC_WARN_64_TO_32_BIT_CONVERSION = YES;
				GCC_WARN_ABOUT_RETURN_TYPE = YES_ERROR;
				GCC_WARN_UNDECLARED_SELECTOR = YES;
				GCC_WARN_UNINITIALIZED_AUTOS = YES_AGGRESSIVE;
				GCC_WARN_UNUSED_FUNCTION = YES;
				GCC_WARN_UNUSED_VARIABLE = YES;
				IPHONEOS_DEPLOYMENT_TARGET = 17.4;
				LOCALIZATION_PREFERS_STRING_CATALOGS = YES;
				MTL_ENABLE_DEBUG_INFO = NO;
				MTL_FAST_MATH = YES;
				SDKROOT = iphoneos;
				SWIFT_COMPILATION_MODE = wholemodule;
				VALIDATE_PRODUCT = YES;
				VERSIONING_SYSTEM = "apple-generic";
				VERSION_INFO_PREFIX = "";
			};
			name = Release;
		};
		A9EFE6892BF210D500AA90F8 /* Debug */ = {
			isa = XCBuildConfiguration;
			buildSettings = {
				BUILD_LIBRARY_FOR_DISTRIBUTION = YES;
				CODE_SIGN_STYLE = Automatic;
				CURRENT_PROJECT_VERSION = 1;
				DEFINES_MODULE = YES;
				DEVELOPMENT_TEAM = V3G3959732;
				DYLIB_COMPATIBILITY_VERSION = 1;
				DYLIB_CURRENT_VERSION = 1;
				DYLIB_INSTALL_NAME_BASE = "@rpath";
				ENABLE_MODULE_VERIFIER = YES;
				GENERATE_INFOPLIST_FILE = YES;
				INFOPLIST_KEY_NSHumanReadableCopyright = "";
				INSTALL_PATH = "$(LOCAL_LIBRARY_DIR)/Frameworks";
				LD_RUNPATH_SEARCH_PATHS = (
					"$(inherited)",
					"@executable_path/Frameworks",
					"@loader_path/Frameworks",
				);
				MARKETING_VERSION = 1.0;
				MODULE_VERIFIER_SUPPORTED_LANGUAGES = "objective-c objective-c++";
				MODULE_VERIFIER_SUPPORTED_LANGUAGE_STANDARDS = "gnu17 gnu++20";
				PRODUCT_BUNDLE_IDENTIFIER = com.eldiiar.DataStore;
				PRODUCT_NAME = "$(TARGET_NAME:c99extidentifier)";
				SKIP_INSTALL = YES;
				SWIFT_EMIT_LOC_STRINGS = YES;
				SWIFT_INSTALL_OBJC_HEADER = NO;
				SWIFT_VERSION = 5.0;
				TARGETED_DEVICE_FAMILY = "1,2";
			};
			name = Debug;
		};
		A9EFE68A2BF210D500AA90F8 /* Release */ = {
			isa = XCBuildConfiguration;
			buildSettings = {
				BUILD_LIBRARY_FOR_DISTRIBUTION = YES;
				CODE_SIGN_STYLE = Automatic;
				CURRENT_PROJECT_VERSION = 1;
				DEFINES_MODULE = YES;
				DEVELOPMENT_TEAM = V3G3959732;
				DYLIB_COMPATIBILITY_VERSION = 1;
				DYLIB_CURRENT_VERSION = 1;
				DYLIB_INSTALL_NAME_BASE = "@rpath";
				ENABLE_MODULE_VERIFIER = YES;
				GENERATE_INFOPLIST_FILE = YES;
				INFOPLIST_KEY_NSHumanReadableCopyright = "";
				INSTALL_PATH = "$(LOCAL_LIBRARY_DIR)/Frameworks";
				LD_RUNPATH_SEARCH_PATHS = (
					"$(inherited)",
					"@executable_path/Frameworks",
					"@loader_path/Frameworks",
				);
				MARKETING_VERSION = 1.0;
				MODULE_VERIFIER_SUPPORTED_LANGUAGES = "objective-c objective-c++";
				MODULE_VERIFIER_SUPPORTED_LANGUAGE_STANDARDS = "gnu17 gnu++20";
				PRODUCT_BUNDLE_IDENTIFIER = com.eldiiar.DataStore;
				PRODUCT_NAME = "$(TARGET_NAME:c99extidentifier)";
				SKIP_INSTALL = YES;
				SWIFT_EMIT_LOC_STRINGS = YES;
				SWIFT_INSTALL_OBJC_HEADER = NO;
				SWIFT_VERSION = 5.0;
				TARGETED_DEVICE_FAMILY = "1,2";
			};
			name = Release;
		};
/* End XCBuildConfiguration section */

/* Begin XCConfigurationList section */
		A9EFE6792BF210D500AA90F8 /* Build configuration list for PBXProject "DataStore" */ = {
			isa = XCConfigurationList;
			buildConfigurations = (
				A9EFE6862BF210D500AA90F8 /* Debug */,
				A9EFE6872BF210D500AA90F8 /* Release */,
			);
			defaultConfigurationIsVisible = 0;
			defaultConfigurationName = Release;
		};
		A9EFE6882BF210D500AA90F8 /* Build configuration list for PBXNativeTarget "DataStore" */ = {
			isa = XCConfigurationList;
			buildConfigurations = (
				A9EFE6892BF210D500AA90F8 /* Debug */,
				A9EFE68A2BF210D500AA90F8 /* Release */,
			);
			defaultConfigurationIsVisible = 0;
			defaultConfigurationName = Release;
		};
/* End XCConfigurationList section */

/* Begin XCRemoteSwiftPackageReference section */
		A9F7122C2BF2728900E27E2E /* XCRemoteSwiftPackageReference "Moya" */ = {
			isa = XCRemoteSwiftPackageReference;
			repositoryURL = "https://github.com/Moya/Moya";
			requirement = {
				kind = upToNextMajorVersion;
				minimumVersion = 15.0.3;
			};
		};
/* End XCRemoteSwiftPackageReference section */

/* Begin XCSwiftPackageProductDependency section */
		A9F7122D2BF2728900E27E2E /* Moya */ = {
			isa = XCSwiftPackageProductDependency;
			package = A9F7122C2BF2728900E27E2E /* XCRemoteSwiftPackageReference "Moya" */;
			productName = Moya;
		};
/* End XCSwiftPackageProductDependency section */
	};
	rootObject = A9EFE6762BF210D500AA90F8 /* Project object */;
}
